// !$*UTF8*$!
{
	archiveVersion = 1;
	classes = {
	};
	objectVersion = 46;
	objects = {

/* Begin PBXBuildFile section */
		58FF32C61A805A3F00D12718 /* main.m in Sources */ = {isa = PBXBuildFile; fileRef = 58FF32C51A805A3F00D12718 /* main.m */; };
		58FF32C91A805A3F00D12718 /* AppDelegate.m in Sources */ = {isa = PBXBuildFile; fileRef = 58FF32C81A805A3F00D12718 /* AppDelegate.m */; };
		58FF32CC1A805A3F00D12718 /* ViewController.m in Sources */ = {isa = PBXBuildFile; fileRef = 58FF32CB1A805A3F00D12718 /* ViewController.m */; };
		58FF32CF1A805A3F00D12718 /* Main.storyboard in Resources */ = {isa = PBXBuildFile; fileRef = 58FF32CD1A805A3F00D12718 /* Main.storyboard */; };
		58FF32D11A805A3F00D12718 /* Images.xcassets in Resources */ = {isa = PBXBuildFile; fileRef = 58FF32D01A805A3F00D12718 /* Images.xcassets */; };
		58FF32D41A805A3F00D12718 /* LaunchScreen.xib in Resources */ = {isa = PBXBuildFile; fileRef = 58FF32D21A805A3F00D12718 /* LaunchScreen.xib */; };
		58FF32E01A805A4000D12718 /* TipCalculator2Tests.m in Sources */ = {isa = PBXBuildFile; fileRef = 58FF32DF1A805A4000D12718 /* TipCalculator2Tests.m */; };
		58FF32EC1A80702900D12718 /* TipViewController.m in Sources */ = {isa = PBXBuildFile; fileRef = 58FF32EA1A80702900D12718 /* TipViewController.m */; };
		58FF32ED1A80702900D12718 /* TipViewController.xib in Resources */ = {isa = PBXBuildFile; fileRef = 58FF32EB1A80702900D12718 /* TipViewController.xib */; };
/* End PBXBuildFile section */

/* Begin PBXContainerItemProxy section */
		58FF32DA1A805A4000D12718 /* PBXContainerItemProxy */ = {
			isa = PBXContainerItemProxy;
			containerPortal = 58FF32B81A805A3F00D12718 /* Project object */;
			proxyType = 1;
			remoteGlobalIDString = 58FF32BF1A805A3F00D12718;
			remoteInfo = TipCalculator2;
		};
/* End PBXContainerItemProxy section */

/* Begin PBXFileReference section */
		58FF32C01A805A3F00D12718 /* TipCalculator2.app */ = {isa = PBXFileReference; explicitFileType = wrapper.application; includeInIndex = 0; path = TipCalculator2.app; sourceTree = BUILT_PRODUCTS_DIR; };
		58FF32C41A805A3F00D12718 /* Info.plist */ = {isa = PBXFileReference; lastKnownFileType = text.plist.xml; path = Info.plist; sourceTree = "<group>"; };
		58FF32C51A805A3F00D12718 /* main.m */ = {isa = PBXFileReference; lastKnownFileType = sourcecode.c.objc; path = main.m; sourceTree = "<group>"; };
		58FF32C71A805A3F00D12718 /* AppDelegate.h */ = {isa = PBXFileReference; lastKnownFileType = sourcecode.c.h; path = AppDelegate.h; sourceTree = "<group>"; };
		58FF32C81A805A3F00D12718 /* AppDelegate.m */ = {isa = PBXFileReference; lastKnownFileType = sourcecode.c.objc; path = AppDelegate.m; sourceTree = "<group>"; };
		58FF32CA1A805A3F00D12718 /* ViewController.h */ = {isa = PBXFileReference; lastKnownFileType = sourcecode.c.h; path = ViewController.h; sourceTree = "<group>"; };
		58FF32CB1A805A3F00D12718 /* ViewController.m */ = {isa = PBXFileReference; lastKnownFileType = sourcecode.c.objc; path = ViewController.m; sourceTree = "<group>"; };
		58FF32CE1A805A3F00D12718 /* Base */ = {isa = PBXFileReference; lastKnownFileType = file.storyboard; name = Base; path = Base.lproj/Main.storyboard; sourceTree = "<group>"; };
		58FF32D01A805A3F00D12718 /* Images.xcassets */ = {isa = PBXFileReference; lastKnownFileType = folder.assetcatalog; path = Images.xcassets; sourceTree = "<group>"; };
		58FF32D31A805A3F00D12718 /* Base */ = {isa = PBXFileReference; lastKnownFileType = file.xib; name = Base; path = Base.lproj/LaunchScreen.xib; sourceTree = "<group>"; };
		58FF32D91A805A4000D12718 /* TipCalculator2Tests.xctest */ = {isa = PBXFileReference; explicitFileType = wrapper.cfbundle; includeInIndex = 0; path = TipCalculator2Tests.xctest; sourceTree = BUILT_PRODUCTS_DIR; };
		58FF32DE1A805A4000D12718 /* Info.plist */ = {isa = PBXFileReference; lastKnownFileType = text.plist.xml; path = Info.plist; sourceTree = "<group>"; };
		58FF32DF1A805A4000D12718 /* TipCalculator2Tests.m */ = {isa = PBXFileReference; lastKnownFileType = sourcecode.c.objc; path = TipCalculator2Tests.m; sourceTree = "<group>"; };
		58FF32E91A80702900D12718 /* TipViewController.h */ = {isa = PBXFileReference; fileEncoding = 4; lastKnownFileType = sourcecode.c.h; path = TipViewController.h; sourceTree = "<group>"; };
		58FF32EA1A80702900D12718 /* TipViewController.m */ = {isa = PBXFileReference; fileEncoding = 4; lastKnownFileType = sourcecode.c.objc; path = TipViewController.m; sourceTree = "<group>"; };
		58FF32EB1A80702900D12718 /* TipViewController.xib */ = {isa = PBXFileReference; fileEncoding = 4; lastKnownFileType = file.xib; path = TipViewController.xib; sourceTree = "<group>"; };
/* End PBXFileReference section */

/* Begin PBXFrameworksBuildPhase section */
		58FF32BD1A805A3F00D12718 /* Frameworks */ = {
			isa = PBXFrameworksBuildPhase;
			buildActionMask = 2147483647;
			files = (
			);
			runOnlyForDeploymentPostprocessing = 0;
		};
		58FF32D61A805A4000D12718 /* Frameworks */ = {
			isa = PBXFrameworksBuildPhase;
			buildActionMask = 2147483647;
			files = (
			);
			runOnlyForDeploymentPostprocessing = 0;
		};
/* End PBXFrameworksBuildPhase section */

/* Begin PBXGroup section */
		58FF32B71A805A3F00D12718 = {
			isa = PBXGroup;
			children = (
				58FF32C21A805A3F00D12718 /* TipCalculator2 */,
				58FF32DC1A805A4000D12718 /* TipCalculator2Tests */,
				58FF32C11A805A3F00D12718 /* Products */,
			);
			sourceTree = "<group>";
		};
		58FF32C11A805A3F00D12718 /* Products */ = {
			isa = PBXGroup;
			children = (
				58FF32C01A805A3F00D12718 /* TipCalculator2.app */,
				58FF32D91A805A4000D12718 /* TipCalculator2Tests.xctest */,
			);
			name = Products;
			sourceTree = "<group>";
		};
		58FF32C21A805A3F00D12718 /* TipCalculator2 */ = {
			isa = PBXGroup;
			children = (
				58FF32C71A805A3F00D12718 /* AppDelegate.h */,
				58FF32C81A805A3F00D12718 /* AppDelegate.m */,
				58FF32CA1A805A3F00D12718 /* ViewController.h */,
				58FF32CB1A805A3F00D12718 /* ViewController.m */,
				58FF32CD1A805A3F00D12718 /* Main.storyboard */,
				58FF32D01A805A3F00D12718 /* Images.xcassets */,
				58FF32D21A805A3F00D12718 /* LaunchScreen.xib */,
				58FF32C31A805A3F00D12718 /* Supporting Files */,
				58FF32E91A80702900D12718 /* TipViewController.h */,
				58FF32EA1A80702900D12718 /* TipViewController.m */,
				58FF32EB1A80702900D12718 /* TipViewController.xib */,
			);
			path = TipCalculator2;
			sourceTree = "<group>";
		};
		58FF32C31A805A3F00D12718 /* Supporting Files */ = {
			isa = PBXGroup;
			children = (
				58FF32C41A805A3F00D12718 /* Info.plist */,
				58FF32C51A805A3F00D12718 /* main.m */,
			);
			name = "Supporting Files";
			sourceTree = "<group>";
		};
		58FF32DC1A805A4000D12718 /* TipCalculator2Tests */ = {
			isa = PBXGroup;
			children = (
				58FF32DF1A805A4000D12718 /* TipCalculator2Tests.m */,
				58FF32DD1A805A4000D12718 /* Supporting Files */,
			);
			path = TipCalculator2Tests;
			sourceTree = "<group>";
		};
		58FF32DD1A805A4000D12718 /* Supporting Files */ = {
			isa = PBXGroup;
			children = (
				58FF32DE1A805A4000D12718 /* Info.plist */,
			);
			name = "Supporting Files";
			sourceTree = "<group>";
		};
/* End PBXGroup section */

/* Begin PBXNativeTarget section */
		58FF32BF1A805A3F00D12718 /* TipCalculator2 */ = {
			isa = PBXNativeTarget;
			buildConfigurationList = 58FF32E31A805A4000D12718 /* Build configuration list for PBXNativeTarget "TipCalculator2" */;
			buildPhases = (
				58FF32BC1A805A3F00D12718 /* Sources */,
				58FF32BD1A805A3F00D12718 /* Frameworks */,
				58FF32BE1A805A3F00D12718 /* Resources */,
			);
			buildRules = (
			);
			dependencies = (
			);
			name = TipCalculator2;
			productName = TipCalculator2;
			productReference = 58FF32C01A805A3F00D12718 /* TipCalculator2.app */;
			productType = "com.apple.product-type.application";
		};
		58FF32D81A805A4000D12718 /* TipCalculator2Tests */ = {
			isa = PBXNativeTarget;
			buildConfigurationList = 58FF32E61A805A4000D12718 /* Build configuration list for PBXNativeTarget "TipCalculator2Tests" */;
			buildPhases = (
				58FF32D51A805A4000D12718 /* Sources */,
				58FF32D61A805A4000D12718 /* Frameworks */,
				58FF32D71A805A4000D12718 /* Resources */,
			);
			buildRules = (
			);
			dependencies = (
				58FF32DB1A805A4000D12718 /* PBXTargetDependency */,
			);
			name = TipCalculator2Tests;
			productName = TipCalculator2Tests;
			productReference = 58FF32D91A805A4000D12718 /* TipCalculator2Tests.xctest */;
			productType = "com.apple.product-type.bundle.unit-test";
		};
/* End PBXNativeTarget section */

/* Begin PBXProject section */
		58FF32B81A805A3F00D12718 /* Project object */ = {
			isa = PBXProject;
			attributes = {
				LastUpgradeCheck = 0610;
				ORGANIZATIONNAME = Yogi;
				TargetAttributes = {
					58FF32BF1A805A3F00D12718 = {
						CreatedOnToolsVersion = 6.1.1;
					};
					58FF32D81A805A4000D12718 = {
						CreatedOnToolsVersion = 6.1.1;
						TestTargetID = 58FF32BF1A805A3F00D12718;
					};
				};
			};
			buildConfigurationList = 58FF32BB1A805A3F00D12718 /* Build configuration list for PBXProject "TipCalculator2" */;
			compatibilityVersion = "Xcode 3.2";
			developmentRegion = English;
			hasScannedForEncodings = 0;
			knownRegions = (
				en,
				Base,
			);
			mainGroup = 58FF32B71A805A3F00D12718;
			productRefGroup = 58FF32C11A805A3F00D12718 /* Products */;
			projectDirPath = "";
			projectRoot = "";
			targets = (
				58FF32BF1A805A3F00D12718 /* TipCalculator2 */,
				58FF32D81A805A4000D12718 /* TipCalculator2Tests */,
			);
		};
/* End PBXProject section */

/* Begin PBXResourcesBuildPhase section */
		58FF32BE1A805A3F00D12718 /* Resources */ = {
			isa = PBXResourcesBuildPhase;
			buildActionMask = 2147483647;
			files = (
				58FF32CF1A805A3F00D12718 /* Main.storyboard in Resources */,
				58FF32D41A805A3F00D12718 /* LaunchScreen.xib in Resources */,
				58FF32ED1A80702900D12718 /* TipViewController.xib in Resources */,
				58FF32D11A805A3F00D12718 /* Images.xcassets in Resources */,
			);
			runOnlyForDeploymentPostprocessing = 0;
		};
		58FF32D71A805A4000D12718 /* Resources */ = {
			isa = PBXResourcesBuildPhase;
			buildActionMask = 2147483647;
			files = (
			);
			runOnlyForDeploymentPostprocessing = 0;
		};
/* End PBXResourcesBuildPhase section */

/* Begin PBXSourcesBuildPhase section */
		58FF32BC1A805A3F00D12718 /* Sources */ = {
			isa = PBXSourcesBuildPhase;
			buildActionMask = 2147483647;
			files = (
				58FF32CC1A805A3F00D12718 /* ViewController.m in Sources */,
				58FF32C91A805A3F00D12718 /* AppDelegate.m in Sources */,
				58FF32EC1A80702900D12718 /* TipViewController.m in Sources */,
				58FF32C61A805A3F00D12718 /* main.m in Sources */,
			);
			runOnlyForDeploymentPostprocessing = 0;
		};
		58FF32D51A805A4000D12718 /* Sources */ = {
			isa = PBXSourcesBuildPhase;
			buildActionMask = 2147483647;
			files = (
				58FF32E01A805A4000D12718 /* TipCalculator2Tests.m in Sources */,
			);
			runOnlyForDeploymentPostprocessing = 0;
		};
/* End PBXSourcesBuildPhase section */

/* Begin PBXTargetDependency section */
		58FF32DB1A805A4000D12718 /* PBXTargetDependency */ = {
			isa = PBXTargetDependency;
			target = 58FF32BF1A805A3F00D12718 /* TipCalculator2 */;
			targetProxy = 58FF32DA1A805A4000D12718 /* PBXContainerItemProxy */;
		};
/* End PBXTargetDependency section */

/* Begin PBXVariantGroup section */
		58FF32CD1A805A3F00D12718 /* Main.storyboard */ = {
			isa = PBXVariantGroup;
			children = (
				58FF32CE1A805A3F00D12718 /* Base */,
			);
			name = Main.storyboard;
			sourceTree = "<group>";
		};
		58FF32D21A805A3F00D12718 /* LaunchScreen.xib */ = {
			isa = PBXVariantGroup;
			children = (
				58FF32D31A805A3F00D12718 /* Base */,
			);
			name = LaunchScreen.xib;
			sourceTree = "<group>";
		};
/* End PBXVariantGroup section */

/* Begin XCBuildConfiguration section */
		58FF32E11A805A4000D12718 /* Debug */ = {
			isa = XCBuildConfiguration;
			buildSettings = {
				ALWAYS_SEARCH_USER_PATHS = NO;
				CLANG_CXX_LANGUAGE_STANDARD = "gnu++0x";
				CLANG_CXX_LIBRARY = "libc++";
				CLANG_ENABLE_MODULES = YES;
				CLANG_ENABLE_OBJC_ARC = YES;
				CLANG_WARN_BOOL_CONVERSION = YES;
				CLANG_WARN_CONSTANT_CONVERSION = YES;
				CLANG_WARN_DIRECT_OBJC_ISA_USAGE = YES_ERROR;
				CLANG_WARN_EMPTY_BODY = YES;
				CLANG_WARN_ENUM_CONVERSION = YES;
				CLANG_WARN_INT_CONVERSION = YES;
				CLANG_WARN_OBJC_ROOT_CLASS = YES_ERROR;
				CLANG_WARN_UNREACHABLE_CODE = YES;
				CLANG_WARN__DUPLICATE_METHOD_MATCH = YES;
				"CODE_SIGN_IDENTITY[sdk=iphoneos*]" = "iPhone Developer";
				COPY_PHASE_STRIP = NO;
				ENABLE_STRICT_OBJC_MSGSEND = YES;
				GCC_C_LANGUAGE_STANDARD = gnu99;
				GCC_DYNAMIC_NO_PIC = NO;
				GCC_OPTIMIZATION_LEVEL = 0;
				GCC_PREPROCESSOR_DEFINITIONS = (
					"DEBUG=1",
					"$(inherited)",
				);
				GCC_SYMBOLS_PRIVATE_EXTERN = NO;
				GCC_WARN_64_TO_32_BIT_CONVERSION = YES;
				GCC_WARN_ABOUT_RETURN_TYPE = YES_ERROR;
				GCC_WARN_UNDECLARED_SELECTOR = YES;
				GCC_WARN_UNINITIALIZED_AUTOS = YES_AGGRESSIVE;
				GCC_WARN_UNUSED_FUNCTION = YES;
				GCC_WARN_UNUSED_VARIABLE = YES;
				IPHONEOS_DEPLOYMENT_TARGET = 8.1;
				MTL_ENABLE_DEBUG_INFO = YES;
				ONLY_ACTIVE_ARCH = YES;
				SDKROOT = iphoneos;
				TARGETED_DEVICE_FAMILY = "1,2";
			};
			name = Debug;
		};
		58FF32E21A805A4000D12718 /* Release */ = {
			isa = XCBuildConfiguration;
			buildSettings = {
				ALWAYS_SEARCH_USER_PATHS = NO;
				CLANG_CXX_LANGUAGE_STANDARD = "gnu++0x";
				CLANG_CXX_LIBRARY = "libc++";
				CLANG_ENABLE_MODULES = YES;
				CLANG_ENABLE_OBJC_ARC = YES;
				CLANG_WARN_BOOL_CONVERSION = YES;
				CLANG_WARN_CONSTANT_CONVERSION = YES;
				CLANG_WARN_DIRECT_OBJC_ISA_USAGE = YES_ERROR;
				CLANG_WARN_EMPTY_BODY = YES;
				CLANG_WARN_ENUM_CONVERSION = YES;
				CLANG_WARN_INT_CONVERSION = YES;
				CLANG_WARN_OBJC_ROOT_CLASS = YES_ERROR;
				CLANG_WARN_UNREACHABLE_CODE = YES;
				CLANG_WARN__DUPLICATE_METHOD_MATCH = YES;
				"CODE_SIGN_IDENTITY[sdk=iphoneos*]" = "iPhone Developer";
				COPY_PHASE_STRIP = YES;
				ENABLE_NS_ASSERTIONS = NO;
				ENABLE_STRICT_OBJC_MSGSEND = YES;
				GCC_C_LANGUAGE_STANDARD = gnu99;
				GCC_WARN_64_TO_32_BIT_CONVERSION = YES;
				GCC_WARN_ABOUT_RETURN_TYPE = YES_ERROR;
				GCC_WARN_UNDECLARED_SELECTOR = YES;
				GCC_WARN_UNINITIALIZED_AUTOS = YES_AGGRESSIVE;
				GCC_WARN_UNUSED_FUNCTION = YES;
				GCC_WARN_UNUSED_VARIABLE = YES;
				IPHONEOS_DEPLOYMENT_TARGET = 8.1;
				MTL_ENABLE_DEBUG_INFO = NO;
				SDKROOT = iphoneos;
				TARGETED_DEVICE_FAMILY = "1,2";
				VALIDATE_PRODUCT = YES;
			};
			name = Release;
		};
		58FF32E41A805A4000D12718 /* Debug */ = {
			isa = XCBuildConfiguration;
			buildSettings = {
				ASSETCATALOG_COMPILER_APPICON_NAME = AppIcon;
				INFOPLIST_FILE = TipCalculator2/Info.plist;
				IPHONEOS_DEPLOYMENT_TARGET = 6.0;
				LD_RUNPATH_SEARCH_PATHS = "$(inherited) @executable_path/Frameworks";
				PRODUCT_NAME = "$(TARGET_NAME)";
			};
			name = Debug;
		};
		58FF32E51A805A4000D12718 /* Release */ = {
			isa = XCBuildConfiguration;
			buildSettings = {
				ASSETCATALOG_COMPILER_APPICON_NAME = AppIcon;
				INFOPLIST_FILE = TipCalculator2/Info.plist;
				IPHONEOS_DEPLOYMENT_TARGET = 6.0;
				LD_RUNPATH_SEARCH_PATHS = "$(inherited) @executable_path/Frameworks";
				PRODUCT_NAME = "$(TARGET_NAME)";
			};
			name = Release;
		};
		58FF32E71A805A4000D12718 /* Debug */ = {
			isa = XCBuildConfiguration;
			buildSettings = {
				BUNDLE_LOADER = "$(TEST_HOST)";
				FRAMEWORK_SEARCH_PATHS = (
					"$(SDKROOT)/Developer/Library/Frameworks",
					"$(inherited)",
				);
				GCC_PREPROCESSOR_DEFINITIONS = (
					"DEBUG=1",
					"$(inherited)",
				);
				INFOPLIST_FILE = TipCalculator2Tests/Info.plist;
				LD_RUNPATH_SEARCH_PATHS = "$(inherited) @executable_path/Frameworks @loader_path/Frameworks";
				PRODUCT_NAME = "$(TARGET_NAME)";
				TEST_HOST = "$(BUILT_PRODUCTS_DIR)/TipCalculator2.app/TipCalculator2";
			};
			name = Debug;
		};
		58FF32E81A805A4000D12718 /* Release */ = {
			isa = XCBuildConfiguration;
			buildSettings = {
				BUNDLE_LOADER = "$(TEST_HOST)";
				FRAMEWORK_SEARCH_PATHS = (
					"$(SDKROOT)/Developer/Library/Frameworks",
					"$(inherited)",
				);
				INFOPLIST_FILE = TipCalculator2Tests/Info.plist;
				LD_RUNPATH_SEARCH_PATHS = "$(inherited) @executable_path/Frameworks @loader_path/Frameworks";
				PRODUCT_NAME = "$(TARGET_NAME)";
				TEST_HOST = "$(BUILT_PRODUCTS_DIR)/TipCalculator2.app/TipCalculator2";
			};
			name = Release;
		};
/* End XCBuildConfiguration section */

/* Begin XCConfigurationList section */
		58FF32BB1A805A3F00D12718 /* Build configuration list for PBXProject "TipCalculator2" */ = {
			isa = XCConfigurationList;
			buildConfigurations = (
				58FF32E11A805A4000D12718 /* Debug */,
				58FF32E21A805A4000D12718 /* Release */,
			);
			defaultConfigurationIsVisible = 0;
			defaultConfigurationName = Release;
		};
		58FF32E31A805A4000D12718 /* Build configuration list for PBXNativeTarget "TipCalculator2" */ = {
			isa = XCConfigurationList;
			buildConfigurations = (
				58FF32E41A805A4000D12718 /* Debug */,
				58FF32E51A805A4000D12718 /* Release */,
			);
			defaultConfigurationIsVisible = 0;
		};
		58FF32E61A805A4000D12718 /* Build configuration list for PBXNativeTarget "TipCalculator2Tests" */ = {
			isa = XCConfigurationList;
			buildConfigurations = (
				58FF32E71A805A4000D12718 /* Debug */,
				58FF32E81A805A4000D12718 /* Release */,
			);
			defaultConfigurationIsVisible = 0;
		};
/* End XCConfigurationList section */
	};
	rootObject = 58FF32B81A805A3F00D12718 /* Project object */;
}
